// !$*UTF8*$!
{
	archiveVersion = 1;
	classes = {
	};
	objectVersion = 46;
	objects = {

/* Begin PBXBuildFile section */
		4FFFE0271F2AE12100FC04A9 /* AppDelegate.swift in Sources */ = {isa = PBXBuildFile; fileRef = 4FFFE0261F2AE12100FC04A9 /* AppDelegate.swift */; };
		4FFFE0291F2AE12100FC04A9 /* ViewController.swift in Sources */ = {isa = PBXBuildFile; fileRef = 4FFFE0281F2AE12100FC04A9 /* ViewController.swift */; };
		4FFFE02C1F2AE12100FC04A9 /* Main.storyboard in Resources */ = {isa = PBXBuildFile; fileRef = 4FFFE02A1F2AE12100FC04A9 /* Main.storyboard */; };
		4FFFE02E1F2AE12100FC04A9 /* Assets.xcassets in Resources */ = {isa = PBXBuildFile; fileRef = 4FFFE02D1F2AE12100FC04A9 /* Assets.xcassets */; };
		4FFFE0311F2AE12100FC04A9 /* LaunchScreen.storyboard in Resources */ = {isa = PBXBuildFile; fileRef = 4FFFE02F1F2AE12100FC04A9 /* LaunchScreen.storyboard */; };
		4FFFE0391F2AE26000FC04A9 /* PKRU_Logo.png in Resources */ = {isa = PBXBuildFile; fileRef = 4FFFE0381F2AE26000FC04A9 /* PKRU_Logo.png */; };
		4FFFE03B1F2AE76200FC04A9 /* bg_pkru.png in Resources */ = {isa = PBXBuildFile; fileRef = 4FFFE03A1F2AE76200FC04A9 /* bg_pkru.png */; };
		4FFFE03F1F2AF36500FC04A9 /* ic_exit_to_app_2x.png in Resources */ = {isa = PBXBuildFile; fileRef = 4FFFE03C1F2AF36500FC04A9 /* ic_exit_to_app_2x.png */; };
		4FFFE0401F2AF36500FC04A9 /* ic_exit_to_app_3x.png in Resources */ = {isa = PBXBuildFile; fileRef = 4FFFE03D1F2AF36500FC04A9 /* ic_exit_to_app_3x.png */; };
		4FFFE0411F2AF36500FC04A9 /* ic_exit_to_app.png in Resources */ = {isa = PBXBuildFile; fileRef = 4FFFE03E1F2AF36500FC04A9 /* ic_exit_to_app.png */; };
		4FFFE0451F2AF46F00FC04A9 /* ic_group_add_2x.png in Resources */ = {isa = PBXBuildFile; fileRef = 4FFFE0421F2AF46F00FC04A9 /* ic_group_add_2x.png */; };
		4FFFE0461F2AF46F00FC04A9 /* ic_group_add_3x.png in Resources */ = {isa = PBXBuildFile; fileRef = 4FFFE0431F2AF46F00FC04A9 /* ic_group_add_3x.png */; };
		4FFFE0471F2AF46F00FC04A9 /* ic_group_add.png in Resources */ = {isa = PBXBuildFile; fileRef = 4FFFE0441F2AF46F00FC04A9 /* ic_group_add.png */; };
		4FFFE0491F2AF57700FC04A9 /* SignUpViewController.swift in Sources */ = {isa = PBXBuildFile; fileRef = 4FFFE0481F2AF57700FC04A9 /* SignUpViewController.swift */; };
/* End PBXBuildFile section */

/* Begin PBXFileReference section */
		4FFFE0231F2AE12100FC04A9 /* PKRU_SERVICE.app */ = {isa = PBXFileReference; explicitFileType = wrapper.application; includeInIndex = 0; path = PKRU_SERVICE.app; sourceTree = BUILT_PRODUCTS_DIR; };
		4FFFE0261F2AE12100FC04A9 /* AppDelegate.swift */ = {isa = PBXFileReference; lastKnownFileType = sourcecode.swift; path = AppDelegate.swift; sourceTree = "<group>"; };
		4FFFE0281F2AE12100FC04A9 /* ViewController.swift */ = {isa = PBXFileReference; lastKnownFileType = sourcecode.swift; path = ViewController.swift; sourceTree = "<group>"; };
		4FFFE02B1F2AE12100FC04A9 /* Base */ = {isa = PBXFileReference; lastKnownFileType = file.storyboard; name = Base; path = Base.lproj/Main.storyboard; sourceTree = "<group>"; };
		4FFFE02D1F2AE12100FC04A9 /* Assets.xcassets */ = {isa = PBXFileReference; lastKnownFileType = folder.assetcatalog; path = Assets.xcassets; sourceTree = "<group>"; };
		4FFFE0301F2AE12100FC04A9 /* Base */ = {isa = PBXFileReference; lastKnownFileType = file.storyboard; name = Base; path = Base.lproj/LaunchScreen.storyboard; sourceTree = "<group>"; };
		4FFFE0321F2AE12100FC04A9 /* Info.plist */ = {isa = PBXFileReference; lastKnownFileType = text.plist.xml; path = Info.plist; sourceTree = "<group>"; };
		4FFFE0381F2AE26000FC04A9 /* PKRU_Logo.png */ = {isa = PBXFileReference; lastKnownFileType = image.png; name = PKRU_Logo.png; path = ../../../PKRU_Logo.png; sourceTree = "<group>"; };
		4FFFE03A1F2AE76200FC04A9 /* bg_pkru.png */ = {isa = PBXFileReference; lastKnownFileType = image.png; name = bg_pkru.png; path = ../../../bg_pkru.png; sourceTree = "<group>"; };
		4FFFE03C1F2AF36500FC04A9 /* ic_exit_to_app_2x.png */ = {isa = PBXFileReference; lastKnownFileType = image.png; name = ic_exit_to_app_2x.png; path = ../../../ic_exit_to_app_black_24dp/ios/ic_exit_to_app.imageset/ic_exit_to_app_2x.png; sourceTree = "<group>"; };
		4FFFE03D1F2AF36500FC04A9 /* ic_exit_to_app_3x.png */ = {isa = PBXFileReference; lastKnownFileType = image.png; name = ic_exit_to_app_3x.png; path = ../../../ic_exit_to_app_black_24dp/ios/ic_exit_to_app.imageset/ic_exit_to_app_3x.png; sourceTree = "<group>"; };
		4FFFE03E1F2AF36500FC04A9 /* ic_exit_to_app.png */ = {isa = PBXFileReference; lastKnownFileType = image.png; name = ic_exit_to_app.png; path = ../../../ic_exit_to_app_black_24dp/ios/ic_exit_to_app.imageset/ic_exit_to_app.png; sourceTree = "<group>"; };
		4FFFE0421F2AF46F00FC04A9 /* ic_group_add_2x.png */ = {isa = PBXFileReference; lastKnownFileType = image.png; name = ic_group_add_2x.png; path = ../../../ic_group_add.imageset/ic_group_add_2x.png; sourceTree = "<group>"; };
		4FFFE0431F2AF46F00FC04A9 /* ic_group_add_3x.png */ = {isa = PBXFileReference; lastKnownFileType = image.png; name = ic_group_add_3x.png; path = ../../../ic_group_add.imageset/ic_group_add_3x.png; sourceTree = "<group>"; };
		4FFFE0441F2AF46F00FC04A9 /* ic_group_add.png */ = {isa = PBXFileReference; lastKnownFileType = image.png; name = ic_group_add.png; path = ../../../ic_group_add.imageset/ic_group_add.png; sourceTree = "<group>"; };
		4FFFE0481F2AF57700FC04A9 /* SignUpViewController.swift */ = {isa = PBXFileReference; fileEncoding = 4; lastKnownFileType = sourcecode.swift; path = SignUpViewController.swift; sourceTree = "<group>"; };
/* End PBXFileReference section */

/* Begin PBXFrameworksBuildPhase section */
		4FFFE0201F2AE12100FC04A9 /* Frameworks */ = {
			isa = PBXFrameworksBuildPhase;
			buildActionMask = 2147483647;
			files = (
			);
			runOnlyForDeploymentPostprocessing = 0;
		};
/* End PBXFrameworksBuildPhase section */

/* Begin PBXGroup section */
		4FFFE01A1F2AE12100FC04A9 = {
			isa = PBXGroup;
			children = (
				4FFFE0251F2AE12100FC04A9 /* PKRU_SERVICE */,
				4FFFE0241F2AE12100FC04A9 /* Products */,
			);
			sourceTree = "<group>";
		};
		4FFFE0241F2AE12100FC04A9 /* Products */ = {
			isa = PBXGroup;
			children = (
				4FFFE0231F2AE12100FC04A9 /* PKRU_SERVICE.app */,
			);
			name = Products;
			sourceTree = "<group>";
		};
		4FFFE0251F2AE12100FC04A9 /* PKRU_SERVICE */ = {
			isa = PBXGroup;
			children = (
				4FFFE03A1F2AE76200FC04A9 /* bg_pkru.png */,
				4FFFE0381F2AE26000FC04A9 /* PKRU_Logo.png */,
				4FFFE03C1F2AF36500FC04A9 /* ic_exit_to_app_2x.png */,
				4FFFE03D1F2AF36500FC04A9 /* ic_exit_to_app_3x.png */,
				4FFFE03E1F2AF36500FC04A9 /* ic_exit_to_app.png */,
				4FFFE0421F2AF46F00FC04A9 /* ic_group_add_2x.png */,
				4FFFE0431F2AF46F00FC04A9 /* ic_group_add_3x.png */,
				4FFFE0441F2AF46F00FC04A9 /* ic_group_add.png */,
				4FFFE0261F2AE12100FC04A9 /* AppDelegate.swift */,
				4FFFE0281F2AE12100FC04A9 /* ViewController.swift */,
				4FFFE02A1F2AE12100FC04A9 /* Main.storyboard */,
				4FFFE0481F2AF57700FC04A9 /* SignUpViewController.swift */,
				4FFFE02D1F2AE12100FC04A9 /* Assets.xcassets */,
				4FFFE02F1F2AE12100FC04A9 /* LaunchScreen.storyboard */,
				4FFFE0321F2AE12100FC04A9 /* Info.plist */,
			);
			path = PKRU_SERVICE;
			sourceTree = "<group>";
		};
/* End PBXGroup section */

/* Begin PBXNativeTarget section */
		4FFFE0221F2AE12100FC04A9 /* PKRU_SERVICE */ = {
			isa = PBXNativeTarget;
			buildConfigurationList = 4FFFE0351F2AE12100FC04A9 /* Build configuration list for PBXNativeTarget "PKRU_SERVICE" */;
			buildPhases = (
				4FFFE01F1F2AE12100FC04A9 /* Sources */,
				4FFFE0201F2AE12100FC04A9 /* Frameworks */,
				4FFFE0211F2AE12100FC04A9 /* Resources */,
			);
			buildRules = (
			);
			dependencies = (
			);
			name = PKRU_SERVICE;
			productName = PKRU_SERVICE;
			productReference = 4FFFE0231F2AE12100FC04A9 /* PKRU_SERVICE.app */;
			productType = "com.apple.product-type.application";
		};
/* End PBXNativeTarget section */

/* Begin PBXProject section */
		4FFFE01B1F2AE12100FC04A9 /* Project object */ = {
			isa = PBXProject;
			attributes = {
				LastSwiftUpdateCheck = 0830;
				LastUpgradeCheck = 0830;
				ORGANIZATIONNAME = team;
				TargetAttributes = {
					4FFFE0221F2AE12100FC04A9 = {
						CreatedOnToolsVersion = 8.3.3;
						ProvisioningStyle = Automatic;
					};
				};
			};
			buildConfigurationList = 4FFFE01E1F2AE12100FC04A9 /* Build configuration list for PBXProject "PKRU_SERVICE" */;
			compatibilityVersion = "Xcode 3.2";
			developmentRegion = English;
			hasScannedForEncodings = 0;
			knownRegions = (
				en,
				Base,
			);
			mainGroup = 4FFFE01A1F2AE12100FC04A9;
			productRefGroup = 4FFFE0241F2AE12100FC04A9 /* Products */;
			projectDirPath = "";
			projectRoot = "";
			targets = (
				4FFFE0221F2AE12100FC04A9 /* PKRU_SERVICE */,
			);
		};
/* End PBXProject section */

/* Begin PBXResourcesBuildPhase section */
		4FFFE0211F2AE12100FC04A9 /* Resources */ = {
			isa = PBXResourcesBuildPhase;
			buildActionMask = 2147483647;
			files = (
				4FFFE03B1F2AE76200FC04A9 /* bg_pkru.png in Resources */,
				4FFFE0311F2AE12100FC04A9 /* LaunchScreen.storyboard in Resources */,
				4FFFE0461F2AF46F00FC04A9 /* ic_group_add_3x.png in Resources */,
				4FFFE0401F2AF36500FC04A9 /* ic_exit_to_app_3x.png in Resources */,
				4FFFE0471F2AF46F00FC04A9 /* ic_group_add.png in Resources */,
				4FFFE03F1F2AF36500FC04A9 /* ic_exit_to_app_2x.png in Resources */,
				4FFFE0411F2AF36500FC04A9 /* ic_exit_to_app.png in Resources */,
				4FFFE02E1F2AE12100FC04A9 /* Assets.xcassets in Resources */,
				4FFFE0391F2AE26000FC04A9 /* PKRU_Logo.png in Resources */,
				4FFFE02C1F2AE12100FC04A9 /* Main.storyboard in Resources */,
				4FFFE0451F2AF46F00FC04A9 /* ic_group_add_2x.png in Resources */,
			);
			runOnlyForDeploymentPostprocessing = 0;
		};
/* End PBXResourcesBuildPhase section */

/* Begin PBXSourcesBuildPhase section */
		4FFFE01F1F2AE12100FC04A9 /* Sources */ = {
			isa = PBXSourcesBuildPhase;
			buildActionMask = 2147483647;
			files = (
				4FFFE0491F2AF57700FC04A9 /* SignUpViewController.swift in Sources */,
				4FFFE0291F2AE12100FC04A9 /* ViewController.swift in Sources */,
				4FFFE0271F2AE12100FC04A9 /* AppDelegate.swift in Sources */,
			);
			runOnlyForDeploymentPostprocessing = 0;
		};
/* End PBXSourcesBuildPhase section */

/* Begin PBXVariantGroup section */
		4FFFE02A1F2AE12100FC04A9 /* Main.storyboard */ = {
			isa = PBXVariantGroup;
			children = (
				4FFFE02B1F2AE12100FC04A9 /* Base */,
			);
			name = Main.storyboard;
			sourceTree = "<group>";
		};
		4FFFE02F1F2AE12100FC04A9 /* LaunchScreen.storyboard */ = {
			isa = PBXVariantGroup;
			children = (
				4FFFE0301F2AE12100FC04A9 /* Base */,
			);
			name = LaunchScreen.storyboard;
			sourceTree = "<group>";
		};
/* End PBXVariantGroup section */

/* Begin XCBuildConfiguration section */
		4FFFE0331F2AE12100FC04A9 /* Debug */ = {
			isa = XCBuildConfiguration;
			buildSettings = {
				ALWAYS_SEARCH_USER_PATHS = NO;
				CLANG_ANALYZER_NONNULL = YES;
				CLANG_ANALYZER_NUMBER_OBJECT_CONVERSION = YES_AGGRESSIVE;
				CLANG_CXX_LANGUAGE_STANDARD = "gnu++0x";
				CLANG_CXX_LIBRARY = "libc++";
				CLANG_ENABLE_MODULES = YES;
				CLANG_ENABLE_OBJC_ARC = YES;
				CLANG_WARN_BOOL_CONVERSION = YES;
				CLANG_WARN_CONSTANT_CONVERSION = YES;
				CLANG_WARN_DIRECT_OBJC_ISA_USAGE = YES_ERROR;
				CLANG_WARN_DOCUMENTATION_COMMENTS = YES;
				CLANG_WARN_EMPTY_BODY = YES;
				CLANG_WARN_ENUM_CONVERSION = YES;
				CLANG_WARN_INFINITE_RECURSION = YES;
				CLANG_WARN_INT_CONVERSION = YES;
				CLANG_WARN_OBJC_ROOT_CLASS = YES_ERROR;
				CLANG_WARN_SUSPICIOUS_MOVE = YES;
				CLANG_WARN_UNREACHABLE_CODE = YES;
				CLANG_WARN__DUPLICATE_METHOD_MATCH = YES;
				"CODE_SIGN_IDENTITY[sdk=iphoneos*]" = "iPhone Developer";
				COPY_PHASE_STRIP = NO;
				DEBUG_INFORMATION_FORMAT = dwarf;
				ENABLE_STRICT_OBJC_MSGSEND = YES;
				ENABLE_TESTABILITY = YES;
				GCC_C_LANGUAGE_STANDARD = gnu99;
				GCC_DYNAMIC_NO_PIC = NO;
				GCC_NO_COMMON_BLOCKS = YES;
				GCC_OPTIMIZATION_LEVEL = 0;
				GCC_PREPROCESSOR_DEFINITIONS = (
					"DEBUG=1",
					"$(inherited)",
				);
				GCC_WARN_64_TO_32_BIT_CONVERSION = YES;
				GCC_WARN_ABOUT_RETURN_TYPE = YES_ERROR;
				GCC_WARN_UNDECLARED_SELECTOR = YES;
				GCC_WARN_UNINITIALIZED_AUTOS = YES_AGGRESSIVE;
				GCC_WARN_UNUSED_FUNCTION = YES;
				GCC_WARN_UNUSED_VARIABLE = YES;
				IPHONEOS_DEPLOYMENT_TARGET = 10.3;
				MTL_ENABLE_DEBUG_INFO = YES;
				ONLY_ACTIVE_ARCH = YES;
				SDKROOT = iphoneos;
				SWIFT_ACTIVE_COMPILATION_CONDITIONS = DEBUG;
				SWIFT_OPTIMIZATION_LEVEL = "-Onone";
				TARGETED_DEVICE_FAMILY = "1,2";
			};
			name = Debug;
		};
		4FFFE0341F2AE12100FC04A9 /* Release */ = {
			isa = XCBuildConfiguration;
			buildSettings = {
				ALWAYS_SEARCH_USER_PATHS = NO;
				CLANG_ANALYZER_NONNULL = YES;
				CLANG_ANALYZER_NUMBER_OBJECT_CONVERSION = YES_AGGRESSIVE;
				CLANG_CXX_LANGUAGE_STANDARD = "gnu++0x";
				CLANG_CXX_LIBRARY = "libc++";
				CLANG_ENABLE_MODULES = YES;
				CLANG_ENABLE_OBJC_ARC = YES;
				CLANG_WARN_BOOL_CONVERSION = YES;
				CLANG_WARN_CONSTANT_CONVERSION = YES;
				CLANG_WARN_DIRECT_OBJC_ISA_USAGE = YES_ERROR;
				CLANG_WARN_DOCUMENTATION_COMMENTS = YES;
				CLANG_WARN_EMPTY_BODY = YES;
				CLANG_WARN_ENUM_CONVERSION = YES;
				CLANG_WARN_INFINITE_RECURSION = YES;
				CLANG_WARN_INT_CONVERSION = YES;
				CLANG_WARN_OBJC_ROOT_CLASS = YES_ERROR;
				CLANG_WARN_SUSPICIOUS_MOVE = YES;
				CLANG_WARN_UNREACHABLE_CODE = YES;
				CLANG_WARN__DUPLICATE_METHOD_MATCH = YES;
				"CODE_SIGN_IDENTITY[sdk=iphoneos*]" = "iPhone Developer";
				COPY_PHASE_STRIP = NO;
				DEBUG_INFORMATION_FORMAT = "dwarf-with-dsym";
				ENABLE_NS_ASSERTIONS = NO;
				ENABLE_STRICT_OBJC_MSGSEND = YES;
				GCC_C_LANGUAGE_STANDARD = gnu99;
				GCC_NO_COMMON_BLOCKS = YES;
				GCC_WARN_64_TO_32_BIT_CONVERSION = YES;
				GCC_WARN_ABOUT_RETURN_TYPE = YES_ERROR;
				GCC_WARN_UNDECLARED_SELECTOR = YES;
				GCC_WARN_UNINITIALIZED_AUTOS = YES_AGGRESSIVE;
				GCC_WARN_UNUSED_FUNCTION = YES;
				GCC_WARN_UNUSED_VARIABLE = YES;
				IPHONEOS_DEPLOYMENT_TARGET = 10.3;
				MTL_ENABLE_DEBUG_INFO = NO;
				SDKROOT = iphoneos;
				SWIFT_OPTIMIZATION_LEVEL = "-Owholemodule";
				TARGETED_DEVICE_FAMILY = "1,2";
				VALIDATE_PRODUCT = YES;
			};
			name = Release;
		};
		4FFFE0361F2AE12100FC04A9 /* Debug */ = {
			isa = XCBuildConfiguration;
			buildSettings = {
				ASSETCATALOG_COMPILER_APPICON_NAME = AppIcon;
				INFOPLIST_FILE = PKRU_SERVICE/Info.plist;
				LD_RUNPATH_SEARCH_PATHS = "$(inherited) @executable_path/Frameworks";
				PRODUCT_BUNDLE_IDENTIFIER = "teamza.PKRU-SERVICE";
				PRODUCT_NAME = "$(TARGET_NAME)";
				SWIFT_VERSION = 3.0;
			};
			name = Debug;
		};
		4FFFE0371F2AE12100FC04A9 /* Release */ = {
			isa = XCBuildConfiguration;
			buildSettings = {
				ASSETCATALOG_COMPILER_APPICON_NAME = AppIcon;
				INFOPLIST_FILE = PKRU_SERVICE/Info.plist;
				LD_RUNPATH_SEARCH_PATHS = "$(inherited) @executable_path/Frameworks";
				PRODUCT_BUNDLE_IDENTIFIER = "teamza.PKRU-SERVICE";
				PRODUCT_NAME = "$(TARGET_NAME)";
				SWIFT_VERSION = 3.0;
			};
			name = Release;
		};
/* End XCBuildConfiguration section */

/* Begin XCConfigurationList section */
		4FFFE01E1F2AE12100FC04A9 /* Build configuration list for PBXProject "PKRU_SERVICE" */ = {
			isa = XCConfigurationList;
			buildConfigurations = (
				4FFFE0331F2AE12100FC04A9 /* Debug */,
				4FFFE0341F2AE12100FC04A9 /* Release */,
			);
			defaultConfigurationIsVisible = 0;
			defaultConfigurationName = Release;
		};
		4FFFE0351F2AE12100FC04A9 /* Build configuration list for PBXNativeTarget "PKRU_SERVICE" */ = {
			isa = XCConfigurationList;
			buildConfigurations = (
				4FFFE0361F2AE12100FC04A9 /* Debug */,
				4FFFE0371F2AE12100FC04A9 /* Release */,
			);
			defaultConfigurationIsVisible = 0;
			defaultConfigurationName = Release;
		};
/* End XCConfigurationList section */
	};
	rootObject = 4FFFE01B1F2AE12100FC04A9 /* Project object */;
}
